
Microsoft Visual Studio Solution File, Format Version 12.00
# Visual Studio Version 16
VisualStudioVersion = 16.0.31605.320
MinimumVisualStudioVersion = 10.0.40219.1
Project("{9A19103F-16F7-4668-BE54-9A1E7A4F7556}") = "Car dealer", "Car dealer\Car dealer.csproj", "{9162397D-5FCD-488B-9C5E-8C70724372DF}"
EndProject
Project("{9A19103F-16F7-4668-BE54-9A1E7A4F7556}") = "CarDealerDataLayer", "CarDealerData\CarDealerDataLayer.csproj", "{8E1ABC18-8379-4BAB-96F5-877C2B855D73}"
EndProject
Global
	GlobalSection(SolutionConfigurationPlatforms) = preSolution
		Debug|Any CPU = Debug|Any CPU
		Release|Any CPU = Release|Any CPU
	EndGlobalSection
	GlobalSection(ProjectConfigurationPlatforms) = postSolution
		{9162397D-5FCD-488B-9C5E-8C70724372DF}.Debug|Any CPU.ActiveCfg = Debug|Any CPU
		{9162397D-5FCD-488B-9C5E-8C70724372DF}.Debug|Any CPU.Build.0 = Debug|Any CPU
		{9162397D-5FCD-488B-9C5E-8C70724372DF}.Release|Any CPU.ActiveCfg = Release|Any CPU
		{9162397D-5FCD-488B-9C5E-8C70724372DF}.Release|Any CPU.Build.0 = Release|Any CPU
		{8E1ABC18-8379-4BAB-96F5-877C2B855D73}.Debug|Any CPU.ActiveCfg = Debug|Any CPU
		{8E1ABC18-8379-4BAB-96F5-877C2B855D73}.Debug|Any CPU.Build.0 = Debug|Any CPU
		{8E1ABC18-8379-4BAB-96F5-877C2B855D73}.Release|Any CPU.ActiveCfg = Release|Any CPU
		{8E1ABC18-8379-4BAB-96F5-877C2B855D73}.Release|Any CPU.Build.0 = Release|Any CPU
	EndGlobalSection
	GlobalSection(SolutionProperties) = preSolution
		HideSolutionNode = FALSE
	EndGlobalSection
	GlobalSection(ExtensibilityGlobals) = postSolution
		SolutionGuid = {130AB610-C766-4DAD-A05B-62A19C9B3946}
	EndGlobalSection
EndGlobal
